// !$*UTF8*$!
{
	archiveVersion = 1;
	classes = {
	};
	objectVersion = 50;
	objects = {

/* Begin PBXBuildFile section */
		A5C4457B9685579F3983E0C0 /* Pods_GitHub_Viewer.framework in Frameworks */ = {isa = PBXBuildFile; fileRef = 5C17694399AB7901CA9AB7D3 /* Pods_GitHub_Viewer.framework */; };
		FCB718ED2262BD0500F2F7B3 /* AppDelegate.swift in Sources */ = {isa = PBXBuildFile; fileRef = FCB718EC2262BD0500F2F7B3 /* AppDelegate.swift */; };
		FCB718EF2262BD0500F2F7B3 /* MySearchGitHub.swift in Sources */ = {isa = PBXBuildFile; fileRef = FCB718EE2262BD0500F2F7B3 /* MySearchGitHub.swift */; };
		FCB718F42262BD0700F2F7B3 /* Assets.xcassets in Resources */ = {isa = PBXBuildFile; fileRef = FCB718F32262BD0700F2F7B3 /* Assets.xcassets */; };
		FCB718F72262BD0700F2F7B3 /* LaunchScreen.storyboard in Resources */ = {isa = PBXBuildFile; fileRef = FCB718F52262BD0700F2F7B3 /* LaunchScreen.storyboard */; };
		FCB719042262C11100F2F7B3 /* CustomButton.swift in Sources */ = {isa = PBXBuildFile; fileRef = FCB719032262C11100F2F7B3 /* CustomButton.swift */; };
		FCB719062262C60100F2F7B3 /* CustomTextField.swift in Sources */ = {isa = PBXBuildFile; fileRef = FCB719052262C60100F2F7B3 /* CustomTextField.swift */; };
		FCB7190E2263B0A200F2F7B3 /* PerfilDetailController.swift in Sources */ = {isa = PBXBuildFile; fileRef = FCB7190D2263B0A200F2F7B3 /* PerfilDetailController.swift */; };
		FCB719122263F04000F2F7B3 /* ServerAPI.swift in Sources */ = {isa = PBXBuildFile; fileRef = FCB719112263F04000F2F7B3 /* ServerAPI.swift */; };
		FCB719142263F8DB00F2F7B3 /* StructGit.swift in Sources */ = {isa = PBXBuildFile; fileRef = FCB719132263F8DB00F2F7B3 /* StructGit.swift */; };
		FCB719162264ADB700F2F7B3 /* Alert.swift in Sources */ = {isa = PBXBuildFile; fileRef = FCB719152264ADB700F2F7B3 /* Alert.swift */; };
		FCB719182264B09400F2F7B3 /* Extension.swift in Sources */ = {isa = PBXBuildFile; fileRef = FCB719172264B09400F2F7B3 /* Extension.swift */; };
/* End PBXBuildFile section */

/* Begin PBXFileReference section */
		3DCE0490B64C5AB27DEF6A53 /* Pods-GitHub-Viewer.release.xcconfig */ = {isa = PBXFileReference; includeInIndex = 1; lastKnownFileType = text.xcconfig; name = "Pods-GitHub-Viewer.release.xcconfig"; path = "Target Support Files/Pods-GitHub-Viewer/Pods-GitHub-Viewer.release.xcconfig"; sourceTree = "<group>"; };
		5C17694399AB7901CA9AB7D3 /* Pods_GitHub_Viewer.framework */ = {isa = PBXFileReference; explicitFileType = wrapper.framework; includeInIndex = 0; path = Pods_GitHub_Viewer.framework; sourceTree = BUILT_PRODUCTS_DIR; };
		E99FF9863CC68A3B489836E6 /* Pods-GitHub-Viewer.debug.xcconfig */ = {isa = PBXFileReference; includeInIndex = 1; lastKnownFileType = text.xcconfig; name = "Pods-GitHub-Viewer.debug.xcconfig"; path = "Target Support Files/Pods-GitHub-Viewer/Pods-GitHub-Viewer.debug.xcconfig"; sourceTree = "<group>"; };
		FCB718E92262BD0500F2F7B3 /* GitHub-Viewer.app */ = {isa = PBXFileReference; explicitFileType = wrapper.application; includeInIndex = 0; path = "GitHub-Viewer.app"; sourceTree = BUILT_PRODUCTS_DIR; };
		FCB718EC2262BD0500F2F7B3 /* AppDelegate.swift */ = {isa = PBXFileReference; lastKnownFileType = sourcecode.swift; path = AppDelegate.swift; sourceTree = "<group>"; };
		FCB718EE2262BD0500F2F7B3 /* MySearchGitHub.swift */ = {isa = PBXFileReference; lastKnownFileType = sourcecode.swift; path = MySearchGitHub.swift; sourceTree = "<group>"; };
		FCB718F32262BD0700F2F7B3 /* Assets.xcassets */ = {isa = PBXFileReference; lastKnownFileType = folder.assetcatalog; path = Assets.xcassets; sourceTree = "<group>"; };
		FCB718F62262BD0700F2F7B3 /* Base */ = {isa = PBXFileReference; lastKnownFileType = file.storyboard; name = Base; path = Base.lproj/LaunchScreen.storyboard; sourceTree = "<group>"; };
		FCB718F82262BD0700F2F7B3 /* Info.plist */ = {isa = PBXFileReference; lastKnownFileType = text.plist.xml; path = Info.plist; sourceTree = "<group>"; };
		FCB719032262C11100F2F7B3 /* CustomButton.swift */ = {isa = PBXFileReference; lastKnownFileType = sourcecode.swift; path = CustomButton.swift; sourceTree = "<group>"; };
		FCB719052262C60100F2F7B3 /* CustomTextField.swift */ = {isa = PBXFileReference; lastKnownFileType = sourcecode.swift; path = CustomTextField.swift; sourceTree = "<group>"; };
		FCB7190D2263B0A200F2F7B3 /* PerfilDetailController.swift */ = {isa = PBXFileReference; lastKnownFileType = sourcecode.swift; path = PerfilDetailController.swift; sourceTree = "<group>"; };
		FCB719112263F04000F2F7B3 /* ServerAPI.swift */ = {isa = PBXFileReference; lastKnownFileType = sourcecode.swift; path = ServerAPI.swift; sourceTree = "<group>"; };
		FCB719132263F8DB00F2F7B3 /* StructGit.swift */ = {isa = PBXFileReference; lastKnownFileType = sourcecode.swift; path = StructGit.swift; sourceTree = "<group>"; };
		FCB719152264ADB700F2F7B3 /* Alert.swift */ = {isa = PBXFileReference; lastKnownFileType = sourcecode.swift; path = Alert.swift; sourceTree = "<group>"; };
		FCB719172264B09400F2F7B3 /* Extension.swift */ = {isa = PBXFileReference; lastKnownFileType = sourcecode.swift; path = Extension.swift; sourceTree = "<group>"; };
/* End PBXFileReference section */

/* Begin PBXFrameworksBuildPhase section */
		FCB718E62262BD0500F2F7B3 /* Frameworks */ = {
			isa = PBXFrameworksBuildPhase;
			buildActionMask = 2147483647;
			files = (
				A5C4457B9685579F3983E0C0 /* Pods_GitHub_Viewer.framework in Frameworks */,
			);
			runOnlyForDeploymentPostprocessing = 0;
		};
/* End PBXFrameworksBuildPhase section */

/* Begin PBXGroup section */
		72BBFB8F9485A6FBAD627317 /* Pods */ = {
			isa = PBXGroup;
			children = (
				E99FF9863CC68A3B489836E6 /* Pods-GitHub-Viewer.debug.xcconfig */,
				3DCE0490B64C5AB27DEF6A53 /* Pods-GitHub-Viewer.release.xcconfig */,
			);
			path = Pods;
			sourceTree = "<group>";
		};
		7621891C53D6F6ABE283824E /* Frameworks */ = {
			isa = PBXGroup;
			children = (
				5C17694399AB7901CA9AB7D3 /* Pods_GitHub_Viewer.framework */,
			);
			name = Frameworks;
			sourceTree = "<group>";
		};
		FCB718E02262BD0500F2F7B3 = {
			isa = PBXGroup;
			children = (
				FCB718EB2262BD0500F2F7B3 /* GitHub-Viewer */,
				FCB718EA2262BD0500F2F7B3 /* Products */,
				72BBFB8F9485A6FBAD627317 /* Pods */,
				7621891C53D6F6ABE283824E /* Frameworks */,
			);
			sourceTree = "<group>";
		};
		FCB718EA2262BD0500F2F7B3 /* Products */ = {
			isa = PBXGroup;
			children = (
				FCB718E92262BD0500F2F7B3 /* GitHub-Viewer.app */,
			);
			name = Products;
			sourceTree = "<group>";
		};
		FCB718EB2262BD0500F2F7B3 /* GitHub-Viewer */ = {
			isa = PBXGroup;
			children = (
				FCB718EC2262BD0500F2F7B3 /* AppDelegate.swift */,
				FCB7191C2264BE9200F2F7B3 /* ViewController */,
				FCB7191B2264BE7D00F2F7B3 /* View */,
				FCB719192264BE3200F2F7B3 /* Model */,
				FCB718F32262BD0700F2F7B3 /* Assets.xcassets */,
				FCB718F52262BD0700F2F7B3 /* LaunchScreen.storyboard */,
				FCB718F82262BD0700F2F7B3 /* Info.plist */,
				FCB719172264B09400F2F7B3 /* Extension.swift */,
			);
			path = "GitHub-Viewer";
			sourceTree = "<group>";
		};
		FCB719192264BE3200F2F7B3 /* Model */ = {
			isa = PBXGroup;
			children = (
				FCB719132263F8DB00F2F7B3 /* StructGit.swift */,
				FCB719112263F04000F2F7B3 /* ServerAPI.swift */,
				FCB719152264ADB700F2F7B3 /* Alert.swift */,
			);
			path = Model;
			sourceTree = "<group>";
		};
		FCB7191B2264BE7D00F2F7B3 /* View */ = {
			isa = PBXGroup;
			children = (
				FCB719052262C60100F2F7B3 /* CustomTextField.swift */,
				FCB719032262C11100F2F7B3 /* CustomButton.swift */,
			);
			path = View;
			sourceTree = "<group>";
		};
		FCB7191C2264BE9200F2F7B3 /* ViewController */ = {
			isa = PBXGroup;
			children = (
				FCB718EE2262BD0500F2F7B3 /* MySearchGitHub.swift */,
				FCB7190D2263B0A200F2F7B3 /* PerfilDetailController.swift */,
			);
			path = ViewController;
			sourceTree = "<group>";
		};
/* End PBXGroup section */

/* Begin PBXNativeTarget section */
		FCB718E82262BD0500F2F7B3 /* GitHub-Viewer */ = {
			isa = PBXNativeTarget;
			buildConfigurationList = FCB718FB2262BD0700F2F7B3 /* Build configuration list for PBXNativeTarget "GitHub-Viewer" */;
			buildPhases = (
				12B60A942D4BCEC24306F065 /* [CP] Check Pods Manifest.lock */,
				FCB718E52262BD0500F2F7B3 /* Sources */,
				FCB718E62262BD0500F2F7B3 /* Frameworks */,
				FCB718E72262BD0500F2F7B3 /* Resources */,
				358B63A14D39E8C3CB40453C /* [CP] Embed Pods Frameworks */,
			);
			buildRules = (
			);
			dependencies = (
			);
			name = "GitHub-Viewer";
			productName = "GitHub-Viewer";
			productReference = FCB718E92262BD0500F2F7B3 /* GitHub-Viewer.app */;
			productType = "com.apple.product-type.application";
		};
/* End PBXNativeTarget section */

/* Begin PBXProject section */
		FCB718E12262BD0500F2F7B3 /* Project object */ = {
			isa = PBXProject;
			attributes = {
				LastSwiftUpdateCheck = 1020;
				LastUpgradeCheck = 1020;
				ORGANIZATIONNAME = "Yannes Meneguelli";
				TargetAttributes = {
					FCB718E82262BD0500F2F7B3 = {
						CreatedOnToolsVersion = 10.2;
					};
				};
			};
			buildConfigurationList = FCB718E42262BD0500F2F7B3 /* Build configuration list for PBXProject "GitHub-Viewer" */;
			compatibilityVersion = "Xcode 9.3";
			developmentRegion = en;
			hasScannedForEncodings = 0;
			knownRegions = (
				en,
				Base,
			);
			mainGroup = FCB718E02262BD0500F2F7B3;
			productRefGroup = FCB718EA2262BD0500F2F7B3 /* Products */;
			projectDirPath = "";
			projectRoot = "";
			targets = (
				FCB718E82262BD0500F2F7B3 /* GitHub-Viewer */,
			);
		};
/* End PBXProject section */

/* Begin PBXResourcesBuildPhase section */
		FCB718E72262BD0500F2F7B3 /* Resources */ = {
			isa = PBXResourcesBuildPhase;
			buildActionMask = 2147483647;
			files = (
				FCB718F72262BD0700F2F7B3 /* LaunchScreen.storyboard in Resources */,
				FCB718F42262BD0700F2F7B3 /* Assets.xcassets in Resources */,
			);
			runOnlyForDeploymentPostprocessing = 0;
		};
/* End PBXResourcesBuildPhase section */

/* Begin PBXShellScriptBuildPhase section */
		12B60A942D4BCEC24306F065 /* [CP] Check Pods Manifest.lock */ = {
			isa = PBXShellScriptBuildPhase;
			buildActionMask = 2147483647;
			files = (
			);
			inputFileListPaths = (
			);
			inputPaths = (
				"${PODS_PODFILE_DIR_PATH}/Podfile.lock",
				"${PODS_ROOT}/Manifest.lock",
			);
			name = "[CP] Check Pods Manifest.lock";
			outputFileListPaths = (
			);
			outputPaths = (
				"$(DERIVED_FILE_DIR)/Pods-GitHub-Viewer-checkManifestLockResult.txt",
			);
			runOnlyForDeploymentPostprocessing = 0;
			shellPath = /bin/sh;
			shellScript = "diff \"${PODS_PODFILE_DIR_PATH}/Podfile.lock\" \"${PODS_ROOT}/Manifest.lock\" > /dev/null\nif [ $? != 0 ] ; then\n    # print error to STDERR\n    echo \"error: The sandbox is not in sync with the Podfile.lock. Run 'pod install' or update your CocoaPods installation.\" >&2\n    exit 1\nfi\n# This output is used by Xcode 'outputs' to avoid re-running this script phase.\necho \"SUCCESS\" > \"${SCRIPT_OUTPUT_FILE_0}\"\n";
			showEnvVarsInLog = 0;
		};
		358B63A14D39E8C3CB40453C /* [CP] Embed Pods Frameworks */ = {
			isa = PBXShellScriptBuildPhase;
			buildActionMask = 2147483647;
			files = (
			);
			inputFileListPaths = (
			);
			inputPaths = (
				"${PODS_ROOT}/Target Support Files/Pods-GitHub-Viewer/Pods-GitHub-Viewer-frameworks.sh",
				"${BUILT_PRODUCTS_DIR}/Alamofire/Alamofire.framework",
				"${BUILT_PRODUCTS_DIR}/AlamofireImage/AlamofireImage.framework",
			);
			name = "[CP] Embed Pods Frameworks";
			outputFileListPaths = (
			);
			outputPaths = (
				"${TARGET_BUILD_DIR}/${FRAMEWORKS_FOLDER_PATH}/Alamofire.framework",
				"${TARGET_BUILD_DIR}/${FRAMEWORKS_FOLDER_PATH}/AlamofireImage.framework",
			);
			runOnlyForDeploymentPostprocessing = 0;
			shellPath = /bin/sh;
			shellScript = "\"${PODS_ROOT}/Target Support Files/Pods-GitHub-Viewer/Pods-GitHub-Viewer-frameworks.sh\"\n";
			showEnvVarsInLog = 0;
		};
/* End PBXShellScriptBuildPhase section */

/* Begin PBXSourcesBuildPhase section */
		FCB718E52262BD0500F2F7B3 /* Sources */ = {
			isa = PBXSourcesBuildPhase;
			buildActionMask = 2147483647;
			files = (
				FCB719182264B09400F2F7B3 /* Extension.swift in Sources */,
				FCB7190E2263B0A200F2F7B3 /* PerfilDetailController.swift in Sources */,
				FCB719122263F04000F2F7B3 /* ServerAPI.swift in Sources */,
				FCB719062262C60100F2F7B3 /* CustomTextField.swift in Sources */,
				FCB718EF2262BD0500F2F7B3 /* MySearchGitHub.swift in Sources */,
				FCB718ED2262BD0500F2F7B3 /* AppDelegate.swift in Sources */,
				FCB719142263F8DB00F2F7B3 /* StructGit.swift in Sources */,
				FCB719162264ADB700F2F7B3 /* Alert.swift in Sources */,
				FCB719042262C11100F2F7B3 /* CustomButton.swift in Sources */,
			);
			runOnlyForDeploymentPostprocessing = 0;
		};
/* End PBXSourcesBuildPhase section */

/* Begin PBXVariantGroup section */
		FCB718F52262BD0700F2F7B3 /* LaunchScreen.storyboard */ = {
			isa = PBXVariantGroup;
			children = (
				FCB718F62262BD0700F2F7B3 /* Base */,
			);
			name = LaunchScreen.storyboard;
			sourceTree = "<group>";
		};
/* End PBXVariantGroup section */

/* Begin XCBuildConfiguration section */
		FCB718F92262BD0700F2F7B3 /* Debug */ = {
			isa = XCBuildConfiguration;
			buildSettings = {
				ALWAYS_SEARCH_USER_PATHS = NO;
				CLANG_ANALYZER_NONNULL = YES;
				CLANG_ANALYZER_NUMBER_OBJECT_CONVERSION = YES_AGGRESSIVE;
				CLANG_CXX_LANGUAGE_STANDARD = "gnu++14";
				CLANG_CXX_LIBRARY = "libc++";
				CLANG_ENABLE_MODULES = YES;
				CLANG_ENABLE_OBJC_ARC = YES;
				CLANG_ENABLE_OBJC_WEAK = YES;
				CLANG_WARN_BLOCK_CAPTURE_AUTORELEASING = YES;
				CLANG_WARN_BOOL_CONVERSION = YES;
				CLANG_WARN_COMMA = YES;
				CLANG_WARN_CONSTANT_CONVERSION = YES;
				CLANG_WARN_DEPRECATED_OBJC_IMPLEMENTATIONS = YES;
				CLANG_WARN_DIRECT_OBJC_ISA_USAGE = YES_ERROR;
				CLANG_WARN_DOCUMENTATION_COMMENTS = YES;
				CLANG_WARN_EMPTY_BODY = YES;
				CLANG_WARN_ENUM_CONVERSION = YES;
				CLANG_WARN_INFINITE_RECURSION = YES;
				CLANG_WARN_INT_CONVERSION = YES;
				CLANG_WARN_NON_LITERAL_NULL_CONVERSION = YES;
				CLANG_WARN_OBJC_IMPLICIT_RETAIN_SELF = YES;
				CLANG_WARN_OBJC_LITERAL_CONVERSION = YES;
				CLANG_WARN_OBJC_ROOT_CLASS = YES_ERROR;
				CLANG_WARN_RANGE_LOOP_ANALYSIS = YES;
				CLANG_WARN_STRICT_PROTOTYPES = YES;
				CLANG_WARN_SUSPICIOUS_MOVE = YES;
				CLANG_WARN_UNGUARDED_AVAILABILITY = YES_AGGRESSIVE;
				CLANG_WARN_UNREACHABLE_CODE = YES;
				CLANG_WARN__DUPLICATE_METHOD_MATCH = YES;
				CODE_SIGN_IDENTITY = "iPhone Developer";
				COPY_PHASE_STRIP = NO;
				DEBUG_INFORMATION_FORMAT = dwarf;
				ENABLE_STRICT_OBJC_MSGSEND = YES;
				ENABLE_TESTABILITY = YES;
				GCC_C_LANGUAGE_STANDARD = gnu11;
				GCC_DYNAMIC_NO_PIC = NO;
				GCC_NO_COMMON_BLOCKS = YES;
				GCC_OPTIMIZATION_LEVEL = 0;
				GCC_PREPROCESSOR_DEFINITIONS = (
					"DEBUG=1",
					"$(inherited)",
				);
				GCC_WARN_64_TO_32_BIT_CONVERSION = YES;
				GCC_WARN_ABOUT_RETURN_TYPE = YES_ERROR;
				GCC_WARN_UNDECLARED_SELECTOR = YES;
				GCC_WARN_UNINITIALIZED_AUTOS = YES_AGGRESSIVE;
				GCC_WARN_UNUSED_FUNCTION = YES;
				GCC_WARN_UNUSED_VARIABLE = YES;
				IPHONEOS_DEPLOYMENT_TARGET = 12.2;
				MTL_ENABLE_DEBUG_INFO = INCLUDE_SOURCE;
				MTL_FAST_MATH = YES;
				ONLY_ACTIVE_ARCH = YES;
				SDKROOT = iphoneos;
				SWIFT_ACTIVE_COMPILATION_CONDITIONS = DEBUG;
				SWIFT_OPTIMIZATION_LEVEL = "-Onone";
			};
			name = Debug;
		};
		FCB718FA2262BD0700F2F7B3 /* Release */ = {
			isa = XCBuildConfiguration;
			buildSettings = {
				ALWAYS_SEARCH_USER_PATHS = NO;
				CLANG_ANALYZER_NONNULL = YES;
				CLANG_ANALYZER_NUMBER_OBJECT_CONVERSION = YES_AGGRESSIVE;
				CLANG_CXX_LANGUAGE_STANDARD = "gnu++14";
				CLANG_CXX_LIBRARY = "libc++";
				CLANG_ENABLE_MODULES = YES;
				CLANG_ENABLE_OBJC_ARC = YES;
				CLANG_ENABLE_OBJC_WEAK = YES;
				CLANG_WARN_BLOCK_CAPTURE_AUTORELEASING = YES;
				CLANG_WARN_BOOL_CONVERSION = YES;
				CLANG_WARN_COMMA = YES;
				CLANG_WARN_CONSTANT_CONVERSION = YES;
				CLANG_WARN_DEPRECATED_OBJC_IMPLEMENTATIONS = YES;
				CLANG_WARN_DIRECT_OBJC_ISA_USAGE = YES_ERROR;
				CLANG_WARN_DOCUMENTATION_COMMENTS = YES;
				CLANG_WARN_EMPTY_BODY = YES;
				CLANG_WARN_ENUM_CONVERSION = YES;
				CLANG_WARN_INFINITE_RECURSION = YES;
				CLANG_WARN_INT_CONVERSION = YES;
				CLANG_WARN_NON_LITERAL_NULL_CONVERSION = YES;
				CLANG_WARN_OBJC_IMPLICIT_RETAIN_SELF = YES;
				CLANG_WARN_OBJC_LITERAL_CONVERSION = YES;
				CLANG_WARN_OBJC_ROOT_CLASS = YES_ERROR;
				CLANG_WARN_RANGE_LOOP_ANALYSIS = YES;
				CLANG_WARN_STRICT_PROTOTYPES = YES;
				CLANG_WARN_SUSPICIOUS_MOVE = YES;
				CLANG_WARN_UNGUARDED_AVAILABILITY = YES_AGGRESSIVE;
				CLANG_WARN_UNREACHABLE_CODE = YES;
				CLANG_WARN__DUPLICATE_METHOD_MATCH = YES;
				CODE_SIGN_IDENTITY = "iPhone Developer";
				COPY_PHASE_STRIP = NO;
				DEBUG_INFORMATION_FORMAT = "dwarf-with-dsym";
				ENABLE_NS_ASSERTIONS = NO;
				ENABLE_STRICT_OBJC_MSGSEND = YES;
				GCC_C_LANGUAGE_STANDARD = gnu11;
				GCC_NO_COMMON_BLOCKS = YES;
				GCC_WARN_64_TO_32_BIT_CONVERSION = YES;
				GCC_WARN_ABOUT_RETURN_TYPE = YES_ERROR;
				GCC_WARN_UNDECLARED_SELECTOR = YES;
				GCC_WARN_UNINITIALIZED_AUTOS = YES_AGGRESSIVE;
				GCC_WARN_UNUSED_FUNCTION = YES;
				GCC_WARN_UNUSED_VARIABLE = YES;
				IPHONEOS_DEPLOYMENT_TARGET = 12.2;
				MTL_ENABLE_DEBUG_INFO = NO;
				MTL_FAST_MATH = YES;
				SDKROOT = iphoneos;
				SWIFT_COMPILATION_MODE = wholemodule;
				SWIFT_OPTIMIZATION_LEVEL = "-O";
				VALIDATE_PRODUCT = YES;
			};
			name = Release;
		};
		FCB718FC2262BD0700F2F7B3 /* Debug */ = {
			isa = XCBuildConfiguration;
			baseConfigurationReference = E99FF9863CC68A3B489836E6 /* Pods-GitHub-Viewer.debug.xcconfig */;
			buildSettings = {
				ASSETCATALOG_COMPILER_APPICON_NAME = AppIcon;
				CODE_SIGN_STYLE = Automatic;
				DEVELOPMENT_TEAM = 9P8XGQ8AX9;
				INFOPLIST_FILE = "GitHub-Viewer/Info.plist";
				LD_RUNPATH_SEARCH_PATHS = (
					"$(inherited)",
					"@executable_path/Frameworks",
				);
				PRODUCT_BUNDLE_IDENTIFIER = "com.ytmCompany.GitHub-Viewer";
				PRODUCT_NAME = "$(TARGET_NAME)";
				SWIFT_VERSION = 5.0;
				TARGETED_DEVICE_FAMILY = "1,2";
			};
			name = Debug;
		};
		FCB718FD2262BD0700F2F7B3 /* Release */ = {
			isa = XCBuildConfiguration;
			baseConfigurationReference = 3DCE0490B64C5AB27DEF6A53 /* Pods-GitHub-Viewer.release.xcconfig */;
			buildSettings = {
				ASSETCATALOG_COMPILER_APPICON_NAME = AppIcon;
				CODE_SIGN_STYLE = Automatic;
				DEVELOPMENT_TEAM = 9P8XGQ8AX9;
				INFOPLIST_FILE = "GitHub-Viewer/Info.plist";
				LD_RUNPATH_SEARCH_PATHS = (
					"$(inherited)",
					"@executable_path/Frameworks",
				);
				PRODUCT_BUNDLE_IDENTIFIER = "com.ytmCompany.GitHub-Viewer";
				PRODUCT_NAME = "$(TARGET_NAME)";
				SWIFT_VERSION = 5.0;
				TARGETED_DEVICE_FAMILY = "1,2";
			};
			name = Release;
		};
/* End XCBuildConfiguration section */

/* Begin XCConfigurationList section */
		FCB718E42262BD0500F2F7B3 /* Build configuration list for PBXProject "GitHub-Viewer" */ = {
			isa = XCConfigurationList;
			buildConfigurations = (
				FCB718F92262BD0700F2F7B3 /* Debug */,
				FCB718FA2262BD0700F2F7B3 /* Release */,
			);
			defaultConfigurationIsVisible = 0;
			defaultConfigurationName = Release;
		};
		FCB718FB2262BD0700F2F7B3 /* Build configuration list for PBXNativeTarget "GitHub-Viewer" */ = {
			isa = XCConfigurationList;
			buildConfigurations = (
				FCB718FC2262BD0700F2F7B3 /* Debug */,
				FCB718FD2262BD0700F2F7B3 /* Release */,
			);
			defaultConfigurationIsVisible = 0;
			defaultConfigurationName = Release;
		};
/* End XCConfigurationList section */
	};
	rootObject = FCB718E12262BD0500F2F7B3 /* Project object */;
}
